{
    "version": 3,
    "terraform_version": "0.9.1",
    "serial": 0,
    "lineage": "a9bc8f4d-96e4-4b8d-909c-bdf7f6ec64da",
    "modules": [
        {
            "path": [
                "root"
            ],
            "outputs": {},
            "resources": {
                "aws_instance.example": {
                    "type": "aws_instance",
                    "depends_on": [],
                    "primary": {
                        "id": "i-0d77def63f4c04280",
                        "attributes": {
                            "ami": "ami-43262920",
                            "associate_public_ip_address": "true",
                            "availability_zone": "ap-southeast-2c",
                            "disable_api_termination": "false",
                            "ebs_block_device.#": "0",
                            "ebs_optimized": "false",
                            "ephemeral_block_device.#": "0",
                            "iam_instance_profile": "",
                            "id": "i-0d77def63f4c04280",
                            "instance_state": "running",
                            "instance_type": "t2.nano",
                            "ipv6_address_count": "0",
                            "ipv6_addresses.#": "0",
                            "key_name": "mattapsydney",
                            "monitoring": "false",
                            "network_interface_id": "eni-22bf417a",
                            "private_dns": "ip-172-30-1-39.ap-southeast-2.compute.internal",
                            "private_ip": "172.30.1.39",
                            "public_dns": "",
                            "public_ip": "13.54.138.0",
                            "root_block_device.#": "1",
                            "root_block_device.0.delete_on_termination": "true",
                            "root_block_device.0.iops": "100",
                            "root_block_device.0.volume_size": "8",
                            "root_block_device.0.volume_type": "gp2",
                            "security_groups.#": "0",
                            "source_dest_check": "true",
                            "subnet_id": "subnet-85f0fcc3",
                            "tags.%": "0",
                            "tenancy": "default",
                            "vpc_security_group_ids.#": "1",
                            "vpc_security_group_ids.788477147": "sg-2b52e14f"
                        },
                        "meta": {
                            "schema_version": "1"
                        },
                        "tainted": false
                    },
                    "deposed": [],
                    "provider": ""
                },
                "aws_network_interface.docker": {
                    "type": "aws_network_interface",
                    "depends_on": [
                        "aws_instance.example"
                    ],
                    "primary": {
                        "id": "eni-01be4059",
                        "attributes": {
                            "attachment.#": "1",
                            "attachment.1521198718.attachment_id": "eni-attach-01edbc60",
                            "attachment.1521198718.device_index": "1",
                            "attachment.1521198718.instance": "i-0d77def63f4c04280",
                            "description": "",
                            "id": "eni-01be4059",
                            "private_ips.#": "1",
                            "private_ips.323772906": "172.30.1.231",
                            "security_groups.#": "1",
                            "security_groups.788477147": "sg-2b52e14f",
                            "source_dest_check": "true",
                            "subnet_id": "subnet-85f0fcc3",
                            "tags.%": "0"
                        },
                        "meta": {},
                        "tainted": false
                    },
                    "deposed": [],
                    "provider": ""
                }
            },
            "depends_on": []
        }
    ]
}
